
Microsoft Visual Studio Solution File, Format Version 12.00
# Visual Studio Version 16
VisualStudioVersion = 25.0.1706.6
MinimumVisualStudioVersion = 10.0.40219.1
Project("{FAE04EC0-301F-11D3-BF4B-00C04F79EFBC}") = "GuitarStoreWebApp", "GuitarStoreWebApp.csproj", "{FA29CCE3-4800-4444-9F1B-724E23386F50}"
EndProject
Global
	GlobalSection(SolutionConfigurationPlatforms) = preSolution
		Debug|Any CPU = Debug|Any CPU
		Release|Any CPU = Release|Any CPU
	EndGlobalSection
	GlobalSection(ProjectConfigurationPlatforms) = postSolution
		{FA29CCE3-4800-4444-9F1B-724E23386F50}.Debug|Any CPU.ActiveCfg = Debug|Any CPU
		{FA29CCE3-4800-4444-9F1B-724E23386F50}.Debug|Any CPU.Build.0 = Debug|Any CPU
		{FA29CCE3-4800-4444-9F1B-724E23386F50}.Release|Any CPU.ActiveCfg = Release|Any CPU
		{FA29CCE3-4800-4444-9F1B-724E23386F50}.Release|Any CPU.Build.0 = Release|Any CPU
	EndGlobalSection
	GlobalSection(SolutionProperties) = preSolution
		HideSolutionNode = FALSE
	EndGlobalSection
	GlobalSection(ExtensibilityGlobals) = postSolution
		SolutionGuid = {29B3B81C-EC40-4293-ACD7-C40E055A31A6}
	EndGlobalSection
EndGlobal
